
Microsoft Visual Studio Solution File, Format Version 12.00
# Visual Studio Version 16
VisualStudioVersion = 16.0.28803.352
MinimumVisualStudioVersion = 10.0.40219.1
Project("{FAE04EC0-301F-11D3-BF4B-00C04F79EFBC}") = "prueba", "prueba\prueba.csproj", "{5B08FE9A-446A-4C50-B2D9-93967C94123F}"
EndProject
Global
	GlobalSection(SolutionConfigurationPlatforms) = preSolution
		Debug|Any CPU = Debug|Any CPU
		Release|Any CPU = Release|Any CPU
	EndGlobalSection
	GlobalSection(ProjectConfigurationPlatforms) = postSolution
		{5B08FE9A-446A-4C50-B2D9-93967C94123F}.Debug|Any CPU.ActiveCfg = Debug|Any CPU
		{5B08FE9A-446A-4C50-B2D9-93967C94123F}.Debug|Any CPU.Build.0 = Debug|Any CPU
		{5B08FE9A-446A-4C50-B2D9-93967C94123F}.Release|Any CPU.ActiveCfg = Release|Any CPU
		{5B08FE9A-446A-4C50-B2D9-93967C94123F}.Release|Any CPU.Build.0 = Release|Any CPU
	EndGlobalSection
	GlobalSection(SolutionProperties) = preSolution
		HideSolutionNode = FALSE
	EndGlobalSection
	GlobalSection(ExtensibilityGlobals) = postSolution
		SolutionGuid = {E393A8B1-B1EC-44E9-B367-054F12AFE1DD}
	EndGlobalSection
EndGlobal
